// !$*UTF8*$!
{
	archiveVersion = 1;
	classes = {
	};
	objectVersion = 46;
	objects = {

/* Begin PBXBuildFile section */
		5214CB7817C068F500BDCEBC /* GCDAsyncSocket.m in Sources */ = {isa = PBXBuildFile; fileRef = 5214CB7717C068F500BDCEBC /* GCDAsyncSocket.m */; };
		52336A0517C087080094CE29 /* Security.framework in Frameworks */ = {isa = PBXBuildFile; fileRef = 52336A0317C086D50094CE29 /* Security.framework */; };
		52336A0617C0870B0094CE29 /* CFNetwork.framework in Frameworks */ = {isa = PBXBuildFile; fileRef = 52336A0117C086CC0094CE29 /* CFNetwork.framework */; };
		528B7F8B17BE778E0021447D /* unselected@2x.png in Resources */ = {isa = PBXBuildFile; fileRef = 528B7F8917BE778E0021447D /* unselected@2x.png */; };
		528B7F8C17BE778E0021447D /* selected.png in Resources */ = {isa = PBXBuildFile; fileRef = 528B7F8A17BE778E0021447D /* selected.png */; };
		52E2297C17BBAA470086355A /* SHRoomModel.m in Sources */ = {isa = PBXBuildFile; fileRef = 52E2297B17BBAA470086355A /* SHRoomModel.m */; };
		52F8ECE017BF636D00002294 /* btn_music.png in Resources */ = {isa = PBXBuildFile; fileRef = 52F8ECDD17BF636D00002294 /* btn_music.png */; };
		52F8ECE117BF636D00002294 /* btn_curtain.png in Resources */ = {isa = PBXBuildFile; fileRef = 52F8ECDE17BF636D00002294 /* btn_curtain.png */; };
		52F8ECE217BF636D00002294 /* btn_light.png in Resources */ = {isa = PBXBuildFile; fileRef = 52F8ECDF17BF636D00002294 /* btn_light.png */; };
		52F8ECE517BF648300002294 /* left_normal.png in Resources */ = {isa = PBXBuildFile; fileRef = 52F8ECE317BF648300002294 /* left_normal.png */; };
		52F8ECE617BF648300002294 /* left_selected.png in Resources */ = {isa = PBXBuildFile; fileRef = 52F8ECE417BF648300002294 /* left_selected.png */; };
		52F8ECE817BF6CC700002294 /* left_background.png in Resources */ = {isa = PBXBuildFile; fileRef = 52F8ECE717BF6CC700002294 /* left_background.png */; };
		52F8ECEC17BF6EB900002294 /* bg_topbar_all.png in Resources */ = {isa = PBXBuildFile; fileRef = 52F8ECEB17BF6EB900002294 /* bg_topbar_all.png */; };
		52F8ECEF17BF6F2E00002294 /* turn_left.png in Resources */ = {isa = PBXBuildFile; fileRef = 52F8ECED17BF6F2E00002294 /* turn_left.png */; };
		52F8ECF017BF6F2E00002294 /* turn_right.png in Resources */ = {isa = PBXBuildFile; fileRef = 52F8ECEE17BF6F2E00002294 /* turn_right.png */; };
		52F8ECF217BF70FF00002294 /* bg_topbar_all@2x.png in Resources */ = {isa = PBXBuildFile; fileRef = 52F8ECF117BF70FF00002294 /* bg_topbar_all@2x.png */; };
		52F8ECF517BF719800002294 /* mode_normal.png in Resources */ = {isa = PBXBuildFile; fileRef = 52F8ECF317BF719800002294 /* mode_normal.png */; };
		52F8ECF617BF719800002294 /* mode_selected.png in Resources */ = {isa = PBXBuildFile; fileRef = 52F8ECF417BF719800002294 /* mode_selected.png */; };
		52F8ECFB17BF7E0900002294 /* bg_curtain.png in Resources */ = {isa = PBXBuildFile; fileRef = 52F8ECF717BF7E0900002294 /* bg_curtain.png */; };
		52F8ECFC17BF7E0900002294 /* bg_light.png in Resources */ = {isa = PBXBuildFile; fileRef = 52F8ECF817BF7E0900002294 /* bg_light.png */; };
		52F8ECFD17BF7E0900002294 /* btn_back.png in Resources */ = {isa = PBXBuildFile; fileRef = 52F8ECF917BF7E0900002294 /* btn_back.png */; };
		52F8ECFE17BF7E0900002294 /* btn_setting.png in Resources */ = {isa = PBXBuildFile; fileRef = 52F8ECFA17BF7E0900002294 /* btn_setting.png */; };
		52F8ED1017BF82E400002294 /* bg_curtain@2x.png in Resources */ = {isa = PBXBuildFile; fileRef = 52F8ECFF17BF82E300002294 /* bg_curtain@2x.png */; };
		52F8ED1117BF82E400002294 /* bg_light@2x.png in Resources */ = {isa = PBXBuildFile; fileRef = 52F8ED0017BF82E300002294 /* bg_light@2x.png */; };
		52F8ED1317BF82E400002294 /* btn_back@2x.png in Resources */ = {isa = PBXBuildFile; fileRef = 52F8ED0217BF82E300002294 /* btn_back@2x.png */; };
		52F8ED1417BF82E400002294 /* btn_curtain@2x.png in Resources */ = {isa = PBXBuildFile; fileRef = 52F8ED0317BF82E300002294 /* btn_curtain@2x.png */; };
		52F8ED1517BF82E400002294 /* btn_light@2x.png in Resources */ = {isa = PBXBuildFile; fileRef = 52F8ED0417BF82E300002294 /* btn_light@2x.png */; };
		52F8ED1617BF82E400002294 /* btn_music@2x.png in Resources */ = {isa = PBXBuildFile; fileRef = 52F8ED0517BF82E300002294 /* btn_music@2x.png */; };
		52F8ED1717BF82E400002294 /* btn_setting@2x.png in Resources */ = {isa = PBXBuildFile; fileRef = 52F8ED0617BF82E400002294 /* btn_setting@2x.png */; };
		52F8ED1817BF82E400002294 /* left_background@2x.png in Resources */ = {isa = PBXBuildFile; fileRef = 52F8ED0717BF82E400002294 /* left_background@2x.png */; };
		52F8ED1917BF82E400002294 /* left_normal@2x.png in Resources */ = {isa = PBXBuildFile; fileRef = 52F8ED0817BF82E400002294 /* left_normal@2x.png */; };
		52F8ED1A17BF82E400002294 /* left_selected@2x.png in Resources */ = {isa = PBXBuildFile; fileRef = 52F8ED0917BF82E400002294 /* left_selected@2x.png */; };
		52F8ED1B17BF82E400002294 /* mode_normal@2x.png in Resources */ = {isa = PBXBuildFile; fileRef = 52F8ED0A17BF82E400002294 /* mode_normal@2x.png */; };
		52F8ED1C17BF82E400002294 /* mode_selected@2x.png in Resources */ = {isa = PBXBuildFile; fileRef = 52F8ED0B17BF82E400002294 /* mode_selected@2x.png */; };
		52F8ED1D17BF82E400002294 /* selected@2x.png in Resources */ = {isa = PBXBuildFile; fileRef = 52F8ED0C17BF82E400002294 /* selected@2x.png */; };
		52F8ED1E17BF82E400002294 /* turn_left@2x.png in Resources */ = {isa = PBXBuildFile; fileRef = 52F8ED0D17BF82E400002294 /* turn_left@2x.png */; };
		52F8ED1F17BF82E400002294 /* turn_right@2x.png in Resources */ = {isa = PBXBuildFile; fileRef = 52F8ED0E17BF82E400002294 /* turn_right@2x.png */; };
		52F8ED2017BF82E400002294 /* unselected.png in Resources */ = {isa = PBXBuildFile; fileRef = 52F8ED0F17BF82E400002294 /* unselected.png */; };
		52F8ED2317BF833400002294 /* bg_music.png in Resources */ = {isa = PBXBuildFile; fileRef = 52F8ED2117BF833400002294 /* bg_music.png */; };
		52F8ED2417BF833400002294 /* bg_music@2x.png in Resources */ = {isa = PBXBuildFile; fileRef = 52F8ED2217BF833400002294 /* bg_music@2x.png */; };
		52F8ED2F17BF888900002294 /* music_control0.png in Resources */ = {isa = PBXBuildFile; fileRef = 52F8ED2517BF888900002294 /* music_control0.png */; };
		52F8ED3017BF888900002294 /* music_control0@2x.png in Resources */ = {isa = PBXBuildFile; fileRef = 52F8ED2617BF888900002294 /* music_control0@2x.png */; };
		52F8ED3117BF888900002294 /* music_control1.png in Resources */ = {isa = PBXBuildFile; fileRef = 52F8ED2717BF888900002294 /* music_control1.png */; };
		52F8ED3217BF888900002294 /* music_control1@2x.png in Resources */ = {isa = PBXBuildFile; fileRef = 52F8ED2817BF888900002294 /* music_control1@2x.png */; };
		52F8ED3317BF888900002294 /* music_control2.png in Resources */ = {isa = PBXBuildFile; fileRef = 52F8ED2917BF888900002294 /* music_control2.png */; };
		52F8ED3417BF888900002294 /* music_control2@2x.png in Resources */ = {isa = PBXBuildFile; fileRef = 52F8ED2A17BF888900002294 /* music_control2@2x.png */; };
		52F8ED3517BF888900002294 /* music_control3.png in Resources */ = {isa = PBXBuildFile; fileRef = 52F8ED2B17BF888900002294 /* music_control3.png */; };
		52F8ED3617BF888900002294 /* music_control3@2x.png in Resources */ = {isa = PBXBuildFile; fileRef = 52F8ED2C17BF888900002294 /* music_control3@2x.png */; };
		52F8ED3717BF888900002294 /* music_control4.png in Resources */ = {isa = PBXBuildFile; fileRef = 52F8ED2D17BF888900002294 /* music_control4.png */; };
		52F8ED3817BF888900002294 /* music_control4@2x.png in Resources */ = {isa = PBXBuildFile; fileRef = 52F8ED2E17BF888900002294 /* music_control4@2x.png */; };
		52F8ED3B17BF91FC00002294 /* btn_music_control.png in Resources */ = {isa = PBXBuildFile; fileRef = 52F8ED3917BF91FC00002294 /* btn_music_control.png */; };
		52F8ED3C17BF91FC00002294 /* btn_music_control@2x.png in Resources */ = {isa = PBXBuildFile; fileRef = 52F8ED3A17BF91FC00002294 /* btn_music_control@2x.png */; };
		52F8ED3F17BF92F900002294 /* btn_light_control.png in Resources */ = {isa = PBXBuildFile; fileRef = 52F8ED3D17BF92F900002294 /* btn_light_control.png */; };
		52F8ED4017BF92F900002294 /* btn_light_control@2x.png in Resources */ = {isa = PBXBuildFile; fileRef = 52F8ED3E17BF92F900002294 /* btn_light_control@2x.png */; };
		52F8ED4D17BF9CD900002294 /* light_3.png in Resources */ = {isa = PBXBuildFile; fileRef = 52F8ED4517BF9CD800002294 /* light_3.png */; };
		52F8ED4E17BF9CD900002294 /* light_3@2x.png in Resources */ = {isa = PBXBuildFile; fileRef = 52F8ED4617BF9CD800002294 /* light_3@2x.png */; };
		52F8ED4F17BF9CD900002294 /* light_2.png in Resources */ = {isa = PBXBuildFile; fileRef = 52F8ED4717BF9CD800002294 /* light_2.png */; };
		52F8ED5017BF9CD900002294 /* light_2@2x.png in Resources */ = {isa = PBXBuildFile; fileRef = 52F8ED4817BF9CD900002294 /* light_2@2x.png */; };
		52F8ED5717BFA4D100002294 /* bg_detail_curtain_l.png in Resources */ = {isa = PBXBuildFile; fileRef = 52F8ED5117BFA4CF00002294 /* bg_detail_curtain_l.png */; };
		52F8ED5817BFA4D100002294 /* bg_detail_curtain_l@2x.png in Resources */ = {isa = PBXBuildFile; fileRef = 52F8ED5217BFA4D000002294 /* bg_detail_curtain_l@2x.png */; };
		52F8ED5917BFA4D100002294 /* bg_detail_light_l.png in Resources */ = {isa = PBXBuildFile; fileRef = 52F8ED5317BFA4D000002294 /* bg_detail_light_l.png */; };
		52F8ED5A17BFA4D100002294 /* bg_detail_light_l@2x.png in Resources */ = {isa = PBXBuildFile; fileRef = 52F8ED5417BFA4D000002294 /* bg_detail_light_l@2x.png */; };
		52F8ED5B17BFA4D100002294 /* bg_detail_music_l.png in Resources */ = {isa = PBXBuildFile; fileRef = 52F8ED5517BFA4D000002294 /* bg_detail_music_l.png */; };
		52F8ED5C17BFA4D100002294 /* bg_detail_music_l@2x.png in Resources */ = {isa = PBXBuildFile; fileRef = 52F8ED5617BFA4D000002294 /* bg_detail_music_l@2x.png */; };
		D812FEE117DAFDC8004087F9 /* login_bg.png in Resources */ = {isa = PBXBuildFile; fileRef = D812FEDF17DAFDC8004087F9 /* login_bg.png */; };
		D812FEE217DAFDC8004087F9 /* login_bg@2x.png in Resources */ = {isa = PBXBuildFile; fileRef = D812FEE017DAFDC8004087F9 /* login_bg@2x.png */; };
		D812FEE517DAFE77004087F9 /* login_box.png in Resources */ = {isa = PBXBuildFile; fileRef = D812FEE317DAFE77004087F9 /* login_box.png */; };
		D812FEE617DAFE77004087F9 /* login_box@2x.png in Resources */ = {isa = PBXBuildFile; fileRef = D812FEE417DAFE77004087F9 /* login_box@2x.png */; };
		D812FEEB17DB04D9004087F9 /* input_box_focused.png in Resources */ = {isa = PBXBuildFile; fileRef = D812FEE717DB04D9004087F9 /* input_box_focused.png */; };
		D812FEEC17DB04D9004087F9 /* input_box_focused@2x.png in Resources */ = {isa = PBXBuildFile; fileRef = D812FEE817DB04D9004087F9 /* input_box_focused@2x.png */; };
		D812FEED17DB04D9004087F9 /* input_box.png in Resources */ = {isa = PBXBuildFile; fileRef = D812FEE917DB04D9004087F9 /* input_box.png */; };
		D812FEEE17DB04D9004087F9 /* input_box@2x.png in Resources */ = {isa = PBXBuildFile; fileRef = D812FEEA17DB04D9004087F9 /* input_box@2x.png */; };
		D812FEF317DB0C74004087F9 /* btn_login_normal.png in Resources */ = {isa = PBXBuildFile; fileRef = D812FEEF17DB0C73004087F9 /* btn_login_normal.png */; };
		D812FEF417DB0C74004087F9 /* btn_login_normal@2x.png in Resources */ = {isa = PBXBuildFile; fileRef = D812FEF017DB0C73004087F9 /* btn_login_normal@2x.png */; };
		D812FEF517DB0C74004087F9 /* btn_login_pressed.png in Resources */ = {isa = PBXBuildFile; fileRef = D812FEF117DB0C74004087F9 /* btn_login_pressed.png */; };
		D812FEF617DB0C74004087F9 /* btn_login_pressed@2x.png in Resources */ = {isa = PBXBuildFile; fileRef = D812FEF217DB0C74004087F9 /* btn_login_pressed@2x.png */; };
		D812FEFB17DB1A3A004087F9 /* bg_mode_l.png in Resources */ = {isa = PBXBuildFile; fileRef = D812FEF717DB1A30004087F9 /* bg_mode_l.png */; };
		D812FEFC17DB1A3A004087F9 /* bg_mode_l@2x.png in Resources */ = {isa = PBXBuildFile; fileRef = D812FEF817DB1A32004087F9 /* bg_mode_l@2x.png */; };
		D812FEFD17DB1A3A004087F9 /* bg_mode_p.png in Resources */ = {isa = PBXBuildFile; fileRef = D812FEF917DB1A35004087F9 /* bg_mode_p.png */; };
		D812FEFE17DB1A3A004087F9 /* bg_mode_p@2x.png in Resources */ = {isa = PBXBuildFile; fileRef = D812FEFA17DB1A37004087F9 /* bg_mode_p@2x.png */; };
		D812FF0517DB30DA004087F9 /* bg_detail_curtain_p.png in Resources */ = {isa = PBXBuildFile; fileRef = D812FEFF17DB30CE004087F9 /* bg_detail_curtain_p.png */; };
		D812FF0617DB30DA004087F9 /* bg_detail_curtain_p@2x.png in Resources */ = {isa = PBXBuildFile; fileRef = D812FF0017DB30D0004087F9 /* bg_detail_curtain_p@2x.png */; };
		D812FF0717DB30DA004087F9 /* bg_detail_light_p.png in Resources */ = {isa = PBXBuildFile; fileRef = D812FF0117DB30D2004087F9 /* bg_detail_light_p.png */; };
		D812FF0817DB30DA004087F9 /* bg_detail_light_p@2x.png in Resources */ = {isa = PBXBuildFile; fileRef = D812FF0217DB30D4004087F9 /* bg_detail_light_p@2x.png */; };
		D812FF0917DB30DA004087F9 /* bg_detail_music_p.png in Resources */ = {isa = PBXBuildFile; fileRef = D812FF0317DB30D5004087F9 /* bg_detail_music_p.png */; };
		D812FF0A17DB30DA004087F9 /* bg_detail_music_p@2x.png in Resources */ = {isa = PBXBuildFile; fileRef = D812FF0417DB30D8004087F9 /* bg_detail_music_p@2x.png */; };
		D812FF0D17DB5299004087F9 /* setup_box.png in Resources */ = {isa = PBXBuildFile; fileRef = D812FF0B17DB5296004087F9 /* setup_box.png */; };
		D812FF0E17DB5299004087F9 /* setup_box@2x.png in Resources */ = {isa = PBXBuildFile; fileRef = D812FF0C17DB5297004087F9 /* setup_box@2x.png */; };
		D812FF1717DB5FF5004087F9 /* btn_cancel_normal.png in Resources */ = {isa = PBXBuildFile; fileRef = D812FF0F17DB5FDF004087F9 /* btn_cancel_normal.png */; };
		D812FF1817DB5FF5004087F9 /* btn_cancel_normal@2x.png in Resources */ = {isa = PBXBuildFile; fileRef = D812FF1017DB5FE1004087F9 /* btn_cancel_normal@2x.png */; };
		D812FF1917DB5FF5004087F9 /* btn_cancel_pressed.png in Resources */ = {isa = PBXBuildFile; fileRef = D812FF1117DB5FE4004087F9 /* btn_cancel_pressed.png */; };
		D812FF1A17DB5FF5004087F9 /* btn_cancel_pressed@2x.png in Resources */ = {isa = PBXBuildFile; fileRef = D812FF1217DB5FE7004087F9 /* btn_cancel_pressed@2x.png */; };
		D812FF1B17DB5FF5004087F9 /* btn_commit_normal.png in Resources */ = {isa = PBXBuildFile; fileRef = D812FF1317DB5FEA004087F9 /* btn_commit_normal.png */; };
		D812FF1C17DB5FF5004087F9 /* btn_commit_normal@2x.png in Resources */ = {isa = PBXBuildFile; fileRef = D812FF1417DB5FEC004087F9 /* btn_commit_normal@2x.png */; };
		D812FF1D17DB5FF5004087F9 /* btn_commit_pressed.png in Resources */ = {isa = PBXBuildFile; fileRef = D812FF1517DB5FEF004087F9 /* btn_commit_pressed.png */; };
		D812FF1E17DB5FF5004087F9 /* btn_commit_pressed@2x.png in Resources */ = {isa = PBXBuildFile; fileRef = D812FF1617DB5FF1004087F9 /* btn_commit_pressed@2x.png */; };
		D812FF2117DB6217004087F9 /* login_bg_p.png in Resources */ = {isa = PBXBuildFile; fileRef = D812FF1F17DB6213004087F9 /* login_bg_p.png */; };
		D812FF2217DB6217004087F9 /* login_bg_p@2x.png in Resources */ = {isa = PBXBuildFile; fileRef = D812FF2017DB6214004087F9 /* login_bg_p@2x.png */; };
		D816387017BB0501008FAD0E /* SHReadConfigFile.m in Sources */ = {isa = PBXBuildFile; fileRef = D816386F17BB0501008FAD0E /* SHReadConfigFile.m */; };
		D81BD48F17C5F16800D96702 /* icon.png in Resources */ = {isa = PBXBuildFile; fileRef = D81BD48E17C5F16800D96702 /* icon.png */; };
		D81BD49117C5F16D00D96702 /* icon@2x.png in Resources */ = {isa = PBXBuildFile; fileRef = D81BD49017C5F16D00D96702 /* icon@2x.png */; };
		D81BD49317C5F18000D96702 /* Default-Landscape~ipad.png in Resources */ = {isa = PBXBuildFile; fileRef = D81BD49217C5F18000D96702 /* Default-Landscape~ipad.png */; };
		D81BD49517C5F18600D96702 /* Default-Landscape@2x~ipad.png in Resources */ = {isa = PBXBuildFile; fileRef = D81BD49417C5F18600D96702 /* Default-Landscape@2x~ipad.png */; };
		D8421CFF17BA853500C39DA0 /* UIKit.framework in Frameworks */ = {isa = PBXBuildFile; fileRef = D8421CFE17BA853500C39DA0 /* UIKit.framework */; };
		D8421D0117BA853500C39DA0 /* Foundation.framework in Frameworks */ = {isa = PBXBuildFile; fileRef = D8421D0017BA853500C39DA0 /* Foundation.framework */; };
		D8421D0317BA853500C39DA0 /* CoreGraphics.framework in Frameworks */ = {isa = PBXBuildFile; fileRef = D8421D0217BA853500C39DA0 /* CoreGraphics.framework */; };
		D8421D0917BA853500C39DA0 /* InfoPlist.strings in Resources */ = {isa = PBXBuildFile; fileRef = D8421D0717BA853500C39DA0 /* InfoPlist.strings */; };
		D8421D0B17BA853500C39DA0 /* main.m in Sources */ = {isa = PBXBuildFile; fileRef = D8421D0A17BA853500C39DA0 /* main.m */; };
		D8421D0F17BA853500C39DA0 /* AppDelegate.m in Sources */ = {isa = PBXBuildFile; fileRef = D8421D0E17BA853500C39DA0 /* AppDelegate.m */; };
		D8421D1817BA853500C39DA0 /* SHLoginViewController.m in Sources */ = {isa = PBXBuildFile; fileRef = D8421D1717BA853500C39DA0 /* SHLoginViewController.m */; };
		D88260C2180D37390096C6CA /* icon1.png in Resources */ = {isa = PBXBuildFile; fileRef = D88260C0180D37390096C6CA /* icon1.png */; };
		D88260C3180D37390096C6CA /* icon1@2x.png in Resources */ = {isa = PBXBuildFile; fileRef = D88260C1180D37390096C6CA /* icon1@2x.png */; };
		D8EEBD0D17BC7F8200200262 /* SHDetailContolView.m in Sources */ = {isa = PBXBuildFile; fileRef = D8EEBD0C17BC7F8200200262 /* SHDetailContolView.m */; };
		D8F056EE17BA8CE300DF2928 /* SHControlViewController.m in Sources */ = {isa = PBXBuildFile; fileRef = D8F056EC17BA8CE300DF2928 /* SHControlViewController.m */; };
		D8F056FB17BAC95600DF2928 /* SHSettingsViewController.m in Sources */ = {isa = PBXBuildFile; fileRef = D8F056F917BAC95500DF2928 /* SHSettingsViewController.m */; };
		D8F5BEB217BDD10000D3500A /* SHMusicControlView.m in Sources */ = {isa = PBXBuildFile; fileRef = D8F5BEB117BDD10000D3500A /* SHMusicControlView.m */; };
/* End PBXBuildFile section */

/* Begin PBXFileReference section */
		5214CB7617C068F500BDCEBC /* GCDAsyncSocket.h */ = {isa = PBXFileReference; fileEncoding = 4; lastKnownFileType = sourcecode.c.h; path = GCDAsyncSocket.h; sourceTree = "<group>"; };
		5214CB7717C068F500BDCEBC /* GCDAsyncSocket.m */ = {isa = PBXFileReference; fileEncoding = 4; lastKnownFileType = sourcecode.c.objc; path = GCDAsyncSocket.m; sourceTree = "<group>"; };
		52336A0117C086CC0094CE29 /* CFNetwork.framework */ = {isa = PBXFileReference; lastKnownFileType = wrapper.framework; name = CFNetwork.framework; path = System/Library/Frameworks/CFNetwork.framework; sourceTree = SDKROOT; };
		52336A0317C086D50094CE29 /* Security.framework */ = {isa = PBXFileReference; lastKnownFileType = wrapper.framework; name = Security.framework; path = System/Library/Frameworks/Security.framework; sourceTree = SDKROOT; };
		528B7F8917BE778E0021447D /* unselected@2x.png */ = {isa = PBXFileReference; lastKnownFileType = image.png; path = "unselected@2x.png"; sourceTree = "<group>"; };
		528B7F8A17BE778E0021447D /* selected.png */ = {isa = PBXFileReference; lastKnownFileType = image.png; path = selected.png; sourceTree = "<group>"; };
		52E2297A17BBAA470086355A /* SHRoomModel.h */ = {isa = PBXFileReference; fileEncoding = 4; lastKnownFileType = sourcecode.c.h; path = SHRoomModel.h; sourceTree = "<group>"; };
		52E2297B17BBAA470086355A /* SHRoomModel.m */ = {isa = PBXFileReference; fileEncoding = 4; lastKnownFileType = sourcecode.c.objc; path = SHRoomModel.m; sourceTree = "<group>"; };
		52F8ECDD17BF636D00002294 /* btn_music.png */ = {isa = PBXFileReference; lastKnownFileType = image.png; path = btn_music.png; sourceTree = "<group>"; };
		52F8ECDE17BF636D00002294 /* btn_curtain.png */ = {isa = PBXFileReference; lastKnownFileType = image.png; path = btn_curtain.png; sourceTree = "<group>"; };
		52F8ECDF17BF636D00002294 /* btn_light.png */ = {isa = PBXFileReference; lastKnownFileType = image.png; path = btn_light.png; sourceTree = "<group>"; };
		52F8ECE317BF648300002294 /* left_normal.png */ = {isa = PBXFileReference; lastKnownFileType = image.png; path = left_normal.png; sourceTree = "<group>"; };
		52F8ECE417BF648300002294 /* left_selected.png */ = {isa = PBXFileReference; lastKnownFileType = image.png; path = left_selected.png; sourceTree = "<group>"; };
		52F8ECE717BF6CC700002294 /* left_background.png */ = {isa = PBXFileReference; lastKnownFileType = image.png; path = left_background.png; sourceTree = "<group>"; };
		52F8ECEB17BF6EB900002294 /* bg_topbar_all.png */ = {isa = PBXFileReference; lastKnownFileType = image.png; path = bg_topbar_all.png; sourceTree = "<group>"; };
		52F8ECED17BF6F2E00002294 /* turn_left.png */ = {isa = PBXFileReference; lastKnownFileType = image.png; path = turn_left.png; sourceTree = "<group>"; };
		52F8ECEE17BF6F2E00002294 /* turn_right.png */ = {isa = PBXFileReference; lastKnownFileType = image.png; path = turn_right.png; sourceTree = "<group>"; };
		52F8ECF117BF70FF00002294 /* bg_topbar_all@2x.png */ = {isa = PBXFileReference; lastKnownFileType = image.png; path = "bg_topbar_all@2x.png"; sourceTree = "<group>"; };
		52F8ECF317BF719800002294 /* mode_normal.png */ = {isa = PBXFileReference; lastKnownFileType = image.png; path = mode_normal.png; sourceTree = "<group>"; };
		52F8ECF417BF719800002294 /* mode_selected.png */ = {isa = PBXFileReference; lastKnownFileType = image.png; path = mode_selected.png; sourceTree = "<group>"; };
		52F8ECF717BF7E0900002294 /* bg_curtain.png */ = {isa = PBXFileReference; lastKnownFileType = image.png; path = bg_curtain.png; sourceTree = "<group>"; };
		52F8ECF817BF7E0900002294 /* bg_light.png */ = {isa = PBXFileReference; lastKnownFileType = image.png; path = bg_light.png; sourceTree = "<group>"; };
		52F8ECF917BF7E0900002294 /* btn_back.png */ = {isa = PBXFileReference; lastKnownFileType = image.png; path = btn_back.png; sourceTree = "<group>"; };
		52F8ECFA17BF7E0900002294 /* btn_setting.png */ = {isa = PBXFileReference; lastKnownFileType = image.png; path = btn_setting.png; sourceTree = "<group>"; };
		52F8ECFF17BF82E300002294 /* bg_curtain@2x.png */ = {isa = PBXFileReference; lastKnownFileType = image.png; path = "bg_curtain@2x.png"; sourceTree = "<group>"; };
		52F8ED0017BF82E300002294 /* bg_light@2x.png */ = {isa = PBXFileReference; lastKnownFileType = image.png; path = "bg_light@2x.png"; sourceTree = "<group>"; };
		52F8ED0217BF82E300002294 /* btn_back@2x.png */ = {isa = PBXFileReference; lastKnownFileType = image.png; path = "btn_back@2x.png"; sourceTree = "<group>"; };
		52F8ED0317BF82E300002294 /* btn_curtain@2x.png */ = {isa = PBXFileReference; lastKnownFileType = image.png; path = "btn_curtain@2x.png"; sourceTree = "<group>"; };
		52F8ED0417BF82E300002294 /* btn_light@2x.png */ = {isa = PBXFileReference; lastKnownFileType = image.png; path = "btn_light@2x.png"; sourceTree = "<group>"; };
		52F8ED0517BF82E300002294 /* btn_music@2x.png */ = {isa = PBXFileReference; lastKnownFileType = image.png; path = "btn_music@2x.png"; sourceTree = "<group>"; };
		52F8ED0617BF82E400002294 /* btn_setting@2x.png */ = {isa = PBXFileReference; lastKnownFileType = image.png; path = "btn_setting@2x.png"; sourceTree = "<group>"; };
		52F8ED0717BF82E400002294 /* left_background@2x.png */ = {isa = PBXFileReference; lastKnownFileType = image.png; path = "left_background@2x.png"; sourceTree = "<group>"; };
		52F8ED0817BF82E400002294 /* left_normal@2x.png */ = {isa = PBXFileReference; lastKnownFileType = image.png; path = "left_normal@2x.png"; sourceTree = "<group>"; };
		52F8ED0917BF82E400002294 /* left_selected@2x.png */ = {isa = PBXFileReference; lastKnownFileType = image.png; path = "left_selected@2x.png"; sourceTree = "<group>"; };
		52F8ED0A17BF82E400002294 /* mode_normal@2x.png */ = {isa = PBXFileReference; lastKnownFileType = image.png; path = "mode_normal@2x.png"; sourceTree = "<group>"; };
		52F8ED0B17BF82E400002294 /* mode_selected@2x.png */ = {isa = PBXFileReference; lastKnownFileType = image.png; path = "mode_selected@2x.png"; sourceTree = "<group>"; };
		52F8ED0C17BF82E400002294 /* selected@2x.png */ = {isa = PBXFileReference; lastKnownFileType = image.png; path = "selected@2x.png"; sourceTree = "<group>"; };
		52F8ED0D17BF82E400002294 /* turn_left@2x.png */ = {isa = PBXFileReference; lastKnownFileType = image.png; path = "turn_left@2x.png"; sourceTree = "<group>"; };
		52F8ED0E17BF82E400002294 /* turn_right@2x.png */ = {isa = PBXFileReference; lastKnownFileType = image.png; path = "turn_right@2x.png"; sourceTree = "<group>"; };
		52F8ED0F17BF82E400002294 /* unselected.png */ = {isa = PBXFileReference; lastKnownFileType = image.png; path = unselected.png; sourceTree = "<group>"; };
		52F8ED2117BF833400002294 /* bg_music.png */ = {isa = PBXFileReference; lastKnownFileType = image.png; path = bg_music.png; sourceTree = "<group>"; };
		52F8ED2217BF833400002294 /* bg_music@2x.png */ = {isa = PBXFileReference; lastKnownFileType = image.png; path = "bg_music@2x.png"; sourceTree = "<group>"; };
		52F8ED2517BF888900002294 /* music_control0.png */ = {isa = PBXFileReference; lastKnownFileType = image.png; path = music_control0.png; sourceTree = "<group>"; };
		52F8ED2617BF888900002294 /* music_control0@2x.png */ = {isa = PBXFileReference; lastKnownFileType = image.png; path = "music_control0@2x.png"; sourceTree = "<group>"; };
		52F8ED2717BF888900002294 /* music_control1.png */ = {isa = PBXFileReference; lastKnownFileType = image.png; path = music_control1.png; sourceTree = "<group>"; };
		52F8ED2817BF888900002294 /* music_control1@2x.png */ = {isa = PBXFileReference; lastKnownFileType = image.png; path = "music_control1@2x.png"; sourceTree = "<group>"; };
		52F8ED2917BF888900002294 /* music_control2.png */ = {isa = PBXFileReference; lastKnownFileType = image.png; path = music_control2.png; sourceTree = "<group>"; };
		52F8ED2A17BF888900002294 /* music_control2@2x.png */ = {isa = PBXFileReference; lastKnownFileType = image.png; path = "music_control2@2x.png"; sourceTree = "<group>"; };
		52F8ED2B17BF888900002294 /* music_control3.png */ = {isa = PBXFileReference; lastKnownFileType = image.png; path = music_control3.png; sourceTree = "<group>"; };
		52F8ED2C17BF888900002294 /* music_control3@2x.png */ = {isa = PBXFileReference; lastKnownFileType = image.png; path = "music_control3@2x.png"; sourceTree = "<group>"; };
		52F8ED2D17BF888900002294 /* music_control4.png */ = {isa = PBXFileReference; lastKnownFileType = image.png; path = music_control4.png; sourceTree = "<group>"; };
		52F8ED2E17BF888900002294 /* music_control4@2x.png */ = {isa = PBXFileReference; lastKnownFileType = image.png; path = "music_control4@2x.png"; sourceTree = "<group>"; };
		52F8ED3917BF91FC00002294 /* btn_music_control.png */ = {isa = PBXFileReference; lastKnownFileType = image.png; path = btn_music_control.png; sourceTree = "<group>"; };
		52F8ED3A17BF91FC00002294 /* btn_music_control@2x.png */ = {isa = PBXFileReference; lastKnownFileType = image.png; path = "btn_music_control@2x.png"; sourceTree = "<group>"; };
		52F8ED3D17BF92F900002294 /* btn_light_control.png */ = {isa = PBXFileReference; lastKnownFileType = image.png; path = btn_light_control.png; sourceTree = "<group>"; };
		52F8ED3E17BF92F900002294 /* btn_light_control@2x.png */ = {isa = PBXFileReference; lastKnownFileType = image.png; path = "btn_light_control@2x.png"; sourceTree = "<group>"; };
		52F8ED4517BF9CD800002294 /* light_3.png */ = {isa = PBXFileReference; lastKnownFileType = image.png; path = light_3.png; sourceTree = "<group>"; };
		52F8ED4617BF9CD800002294 /* light_3@2x.png */ = {isa = PBXFileReference; lastKnownFileType = image.png; path = "light_3@2x.png"; sourceTree = "<group>"; };
		52F8ED4717BF9CD800002294 /* light_2.png */ = {isa = PBXFileReference; lastKnownFileType = image.png; path = light_2.png; sourceTree = "<group>"; };
		52F8ED4817BF9CD900002294 /* light_2@2x.png */ = {isa = PBXFileReference; lastKnownFileType = image.png; path = "light_2@2x.png"; sourceTree = "<group>"; };
		52F8ED5117BFA4CF00002294 /* bg_detail_curtain_l.png */ = {isa = PBXFileReference; lastKnownFileType = image.png; path = bg_detail_curtain_l.png; sourceTree = "<group>"; };
		52F8ED5217BFA4D000002294 /* bg_detail_curtain_l@2x.png */ = {isa = PBXFileReference; lastKnownFileType = image.png; path = "bg_detail_curtain_l@2x.png"; sourceTree = "<group>"; };
		52F8ED5317BFA4D000002294 /* bg_detail_light_l.png */ = {isa = PBXFileReference; lastKnownFileType = image.png; path = bg_detail_light_l.png; sourceTree = "<group>"; };
		52F8ED5417BFA4D000002294 /* bg_detail_light_l@2x.png */ = {isa = PBXFileReference; lastKnownFileType = image.png; path = "bg_detail_light_l@2x.png"; sourceTree = "<group>"; };
		52F8ED5517BFA4D000002294 /* bg_detail_music_l.png */ = {isa = PBXFileReference; lastKnownFileType = image.png; path = bg_detail_music_l.png; sourceTree = "<group>"; };
		52F8ED5617BFA4D000002294 /* bg_detail_music_l@2x.png */ = {isa = PBXFileReference; lastKnownFileType = image.png; path = "bg_detail_music_l@2x.png"; sourceTree = "<group>"; };
		D812FEDF17DAFDC8004087F9 /* login_bg.png */ = {isa = PBXFileReference; lastKnownFileType = image.png; path = login_bg.png; sourceTree = "<group>"; };
		D812FEE017DAFDC8004087F9 /* login_bg@2x.png */ = {isa = PBXFileReference; lastKnownFileType = image.png; path = "login_bg@2x.png"; sourceTree = "<group>"; };
		D812FEE317DAFE77004087F9 /* login_box.png */ = {isa = PBXFileReference; lastKnownFileType = image.png; path = login_box.png; sourceTree = "<group>"; };
		D812FEE417DAFE77004087F9 /* login_box@2x.png */ = {isa = PBXFileReference; lastKnownFileType = image.png; path = "login_box@2x.png"; sourceTree = "<group>"; };
		D812FEE717DB04D9004087F9 /* input_box_focused.png */ = {isa = PBXFileReference; lastKnownFileType = image.png; path = input_box_focused.png; sourceTree = "<group>"; };
		D812FEE817DB04D9004087F9 /* input_box_focused@2x.png */ = {isa = PBXFileReference; lastKnownFileType = image.png; path = "input_box_focused@2x.png"; sourceTree = "<group>"; };
		D812FEE917DB04D9004087F9 /* input_box.png */ = {isa = PBXFileReference; lastKnownFileType = image.png; path = input_box.png; sourceTree = "<group>"; };
		D812FEEA17DB04D9004087F9 /* input_box@2x.png */ = {isa = PBXFileReference; lastKnownFileType = image.png; path = "input_box@2x.png"; sourceTree = "<group>"; };
		D812FEEF17DB0C73004087F9 /* btn_login_normal.png */ = {isa = PBXFileReference; lastKnownFileType = image.png; path = btn_login_normal.png; sourceTree = "<group>"; };
		D812FEF017DB0C73004087F9 /* btn_login_normal@2x.png */ = {isa = PBXFileReference; lastKnownFileType = image.png; path = "btn_login_normal@2x.png"; sourceTree = "<group>"; };
		D812FEF117DB0C74004087F9 /* btn_login_pressed.png */ = {isa = PBXFileReference; lastKnownFileType = image.png; path = btn_login_pressed.png; sourceTree = "<group>"; };
		D812FEF217DB0C74004087F9 /* btn_login_pressed@2x.png */ = {isa = PBXFileReference; lastKnownFileType = image.png; path = "btn_login_pressed@2x.png"; sourceTree = "<group>"; };
		D812FEF717DB1A30004087F9 /* bg_mode_l.png */ = {isa = PBXFileReference; lastKnownFileType = image.png; path = bg_mode_l.png; sourceTree = "<group>"; };
		D812FEF817DB1A32004087F9 /* bg_mode_l@2x.png */ = {isa = PBXFileReference; lastKnownFileType = image.png; path = "bg_mode_l@2x.png"; sourceTree = "<group>"; };
		D812FEF917DB1A35004087F9 /* bg_mode_p.png */ = {isa = PBXFileReference; lastKnownFileType = image.png; path = bg_mode_p.png; sourceTree = "<group>"; };
		D812FEFA17DB1A37004087F9 /* bg_mode_p@2x.png */ = {isa = PBXFileReference; lastKnownFileType = image.png; path = "bg_mode_p@2x.png"; sourceTree = "<group>"; };
		D812FEFF17DB30CE004087F9 /* bg_detail_curtain_p.png */ = {isa = PBXFileReference; lastKnownFileType = image.png; path = bg_detail_curtain_p.png; sourceTree = "<group>"; };
		D812FF0017DB30D0004087F9 /* bg_detail_curtain_p@2x.png */ = {isa = PBXFileReference; lastKnownFileType = image.png; path = "bg_detail_curtain_p@2x.png"; sourceTree = "<group>"; };
		D812FF0117DB30D2004087F9 /* bg_detail_light_p.png */ = {isa = PBXFileReference; lastKnownFileType = image.png; path = bg_detail_light_p.png; sourceTree = "<group>"; };
		D812FF0217DB30D4004087F9 /* bg_detail_light_p@2x.png */ = {isa = PBXFileReference; lastKnownFileType = image.png; path = "bg_detail_light_p@2x.png"; sourceTree = "<group>"; };
		D812FF0317DB30D5004087F9 /* bg_detail_music_p.png */ = {isa = PBXFileReference; lastKnownFileType = image.png; path = bg_detail_music_p.png; sourceTree = "<group>"; };
		D812FF0417DB30D8004087F9 /* bg_detail_music_p@2x.png */ = {isa = PBXFileReference; lastKnownFileType = image.png; path = "bg_detail_music_p@2x.png"; sourceTree = "<group>"; };
		D812FF0B17DB5296004087F9 /* setup_box.png */ = {isa = PBXFileReference; lastKnownFileType = image.png; path = setup_box.png; sourceTree = "<group>"; };
		D812FF0C17DB5297004087F9 /* setup_box@2x.png */ = {isa = PBXFileReference; lastKnownFileType = image.png; path = "setup_box@2x.png"; sourceTree = "<group>"; };
		D812FF0F17DB5FDF004087F9 /* btn_cancel_normal.png */ = {isa = PBXFileReference; lastKnownFileType = image.png; path = btn_cancel_normal.png; sourceTree = "<group>"; };
		D812FF1017DB5FE1004087F9 /* btn_cancel_normal@2x.png */ = {isa = PBXFileReference; lastKnownFileType = image.png; path = "btn_cancel_normal@2x.png"; sourceTree = "<group>"; };
		D812FF1117DB5FE4004087F9 /* btn_cancel_pressed.png */ = {isa = PBXFileReference; lastKnownFileType = image.png; path = btn_cancel_pressed.png; sourceTree = "<group>"; };
		D812FF1217DB5FE7004087F9 /* btn_cancel_pressed@2x.png */ = {isa = PBXFileReference; lastKnownFileType = image.png; path = "btn_cancel_pressed@2x.png"; sourceTree = "<group>"; };
		D812FF1317DB5FEA004087F9 /* btn_commit_normal.png */ = {isa = PBXFileReference; lastKnownFileType = image.png; path = btn_commit_normal.png; sourceTree = "<group>"; };
		D812FF1417DB5FEC004087F9 /* btn_commit_normal@2x.png */ = {isa = PBXFileReference; lastKnownFileType = image.png; path = "btn_commit_normal@2x.png"; sourceTree = "<group>"; };
		D812FF1517DB5FEF004087F9 /* btn_commit_pressed.png */ = {isa = PBXFileReference; lastKnownFileType = image.png; path = btn_commit_pressed.png; sourceTree = "<group>"; };
		D812FF1617DB5FF1004087F9 /* btn_commit_pressed@2x.png */ = {isa = PBXFileReference; lastKnownFileType = image.png; path = "btn_commit_pressed@2x.png"; sourceTree = "<group>"; };
		D812FF1F17DB6213004087F9 /* login_bg_p.png */ = {isa = PBXFileReference; lastKnownFileType = image.png; path = login_bg_p.png; sourceTree = "<group>"; };
		D812FF2017DB6214004087F9 /* login_bg_p@2x.png */ = {isa = PBXFileReference; lastKnownFileType = image.png; path = "login_bg_p@2x.png"; sourceTree = "<group>"; };
		D816386E17BB0501008FAD0E /* SHReadConfigFile.h */ = {isa = PBXFileReference; fileEncoding = 4; lastKnownFileType = sourcecode.c.h; path = SHReadConfigFile.h; sourceTree = "<group>"; };
		D816386F17BB0501008FAD0E /* SHReadConfigFile.m */ = {isa = PBXFileReference; fileEncoding = 4; lastKnownFileType = sourcecode.c.objc; path = SHReadConfigFile.m; sourceTree = "<group>"; };
		D81BD48E17C5F16800D96702 /* icon.png */ = {isa = PBXFileReference; lastKnownFileType = image.png; name = icon.png; path = ../icon.png; sourceTree = "<group>"; };
		D81BD49017C5F16D00D96702 /* icon@2x.png */ = {isa = PBXFileReference; lastKnownFileType = image.png; name = "icon@2x.png"; path = "../icon@2x.png"; sourceTree = "<group>"; };
		D81BD49217C5F18000D96702 /* Default-Landscape~ipad.png */ = {isa = PBXFileReference; lastKnownFileType = image.png; name = "Default-Landscape~ipad.png"; path = "../Default-Landscape~ipad.png"; sourceTree = "<group>"; };
		D81BD49417C5F18600D96702 /* Default-Landscape@2x~ipad.png */ = {isa = PBXFileReference; lastKnownFileType = image.png; name = "Default-Landscape@2x~ipad.png"; path = "../Default-Landscape@2x~ipad.png"; sourceTree = "<group>"; };
		D8421CFB17BA853500C39DA0 /* SmartHouse.app */ = {isa = PBXFileReference; explicitFileType = wrapper.application; includeInIndex = 0; path = SmartHouse.app; sourceTree = BUILT_PRODUCTS_DIR; };
		D8421CFE17BA853500C39DA0 /* UIKit.framework */ = {isa = PBXFileReference; lastKnownFileType = wrapper.framework; name = UIKit.framework; path = System/Library/Frameworks/UIKit.framework; sourceTree = SDKROOT; };
		D8421D0017BA853500C39DA0 /* Foundation.framework */ = {isa = PBXFileReference; lastKnownFileType = wrapper.framework; name = Foundation.framework; path = System/Library/Frameworks/Foundation.framework; sourceTree = SDKROOT; };
		D8421D0217BA853500C39DA0 /* CoreGraphics.framework */ = {isa = PBXFileReference; lastKnownFileType = wrapper.framework; name = CoreGraphics.framework; path = System/Library/Frameworks/CoreGraphics.framework; sourceTree = SDKROOT; };
		D8421D0617BA853500C39DA0 /* SmartHouse-Info.plist */ = {isa = PBXFileReference; lastKnownFileType = text.plist.xml; path = "SmartHouse-Info.plist"; sourceTree = "<group>"; };
		D8421D0817BA853500C39DA0 /* en */ = {isa = PBXFileReference; lastKnownFileType = text.plist.strings; name = en; path = en.lproj/InfoPlist.strings; sourceTree = "<group>"; };
		D8421D0A17BA853500C39DA0 /* main.m */ = {isa = PBXFileReference; lastKnownFileType = sourcecode.c.objc; path = main.m; sourceTree = "<group>"; };
		D8421D0C17BA853500C39DA0 /* SmartHouse-Prefix.pch */ = {isa = PBXFileReference; lastKnownFileType = sourcecode.c.h; path = "SmartHouse-Prefix.pch"; sourceTree = "<group>"; };
		D8421D0D17BA853500C39DA0 /* AppDelegate.h */ = {isa = PBXFileReference; lastKnownFileType = sourcecode.c.h; path = AppDelegate.h; sourceTree = "<group>"; };
		D8421D0E17BA853500C39DA0 /* AppDelegate.m */ = {isa = PBXFileReference; lastKnownFileType = sourcecode.c.objc; path = AppDelegate.m; sourceTree = "<group>"; };
		D8421D1617BA853500C39DA0 /* SHLoginViewController.h */ = {isa = PBXFileReference; lastKnownFileType = sourcecode.c.h; path = SHLoginViewController.h; sourceTree = "<group>"; };
		D8421D1717BA853500C39DA0 /* SHLoginViewController.m */ = {isa = PBXFileReference; lastKnownFileType = sourcecode.c.objc; path = SHLoginViewController.m; sourceTree = "<group>"; };
		D88260C0180D37390096C6CA /* icon1.png */ = {isa = PBXFileReference; lastKnownFileType = image.png; path = icon1.png; sourceTree = SOURCE_ROOT; };
		D88260C1180D37390096C6CA /* icon1@2x.png */ = {isa = PBXFileReference; lastKnownFileType = image.png; path = "icon1@2x.png"; sourceTree = SOURCE_ROOT; };
		D8EEBD0B17BC7F8200200262 /* SHDetailContolView.h */ = {isa = PBXFileReference; fileEncoding = 4; lastKnownFileType = sourcecode.c.h; path = SHDetailContolView.h; sourceTree = "<group>"; };
		D8EEBD0C17BC7F8200200262 /* SHDetailContolView.m */ = {isa = PBXFileReference; fileEncoding = 4; lastKnownFileType = sourcecode.c.objc; path = SHDetailContolView.m; sourceTree = "<group>"; };
		D8F056EB17BA8CE300DF2928 /* SHControlViewController.h */ = {isa = PBXFileReference; fileEncoding = 4; lastKnownFileType = sourcecode.c.h; path = SHControlViewController.h; sourceTree = "<group>"; };
		D8F056EC17BA8CE300DF2928 /* SHControlViewController.m */ = {isa = PBXFileReference; fileEncoding = 4; lastKnownFileType = sourcecode.c.objc; path = SHControlViewController.m; sourceTree = "<group>"; };
		D8F056F817BAC95500DF2928 /* SHSettingsViewController.h */ = {isa = PBXFileReference; fileEncoding = 4; lastKnownFileType = sourcecode.c.h; path = SHSettingsViewController.h; sourceTree = "<group>"; };
		D8F056F917BAC95500DF2928 /* SHSettingsViewController.m */ = {isa = PBXFileReference; fileEncoding = 4; lastKnownFileType = sourcecode.c.objc; path = SHSettingsViewController.m; sourceTree = "<group>"; };
		D8F5BEB017BDD10000D3500A /* SHMusicControlView.h */ = {isa = PBXFileReference; fileEncoding = 4; lastKnownFileType = sourcecode.c.h; path = SHMusicControlView.h; sourceTree = "<group>"; };
		D8F5BEB117BDD10000D3500A /* SHMusicControlView.m */ = {isa = PBXFileReference; fileEncoding = 4; lastKnownFileType = sourcecode.c.objc; path = SHMusicControlView.m; sourceTree = "<group>"; };
/* End PBXFileReference section */

/* Begin PBXFrameworksBuildPhase section */
		D8421CF817BA853500C39DA0 /* Frameworks */ = {
			isa = PBXFrameworksBuildPhase;
			buildActionMask = 2147483647;
			files = (
				D8421CFF17BA853500C39DA0 /* UIKit.framework in Frameworks */,
				D8421D0117BA853500C39DA0 /* Foundation.framework in Frameworks */,
				D8421D0317BA853500C39DA0 /* CoreGraphics.framework in Frameworks */,
				52336A0517C087080094CE29 /* Security.framework in Frameworks */,
				52336A0617C0870B0094CE29 /* CFNetwork.framework in Frameworks */,
			);
			runOnlyForDeploymentPostprocessing = 0;
		};
/* End PBXFrameworksBuildPhase section */

/* Begin PBXGroup section */
		5214CB7517C068C000BDCEBC /* TCP */ = {
			isa = PBXGroup;
			children = (
				5214CB7617C068F500BDCEBC /* GCDAsyncSocket.h */,
				5214CB7717C068F500BDCEBC /* GCDAsyncSocket.m */,
			);
			path = TCP;
			sourceTree = "<group>";
		};
		D8421CF217BA853500C39DA0 = {
			isa = PBXGroup;
			children = (
				D8421D0417BA853500C39DA0 /* SmartHouse */,
				D8F056E317BA8AD000DF2928 /* Vendors */,
				D8F056E217BA8AAE00DF2928 /* Resources */,
				D8421CFD17BA853500C39DA0 /* Frameworks */,
				D8421CFC17BA853500C39DA0 /* Products */,
			);
			sourceTree = "<group>";
		};
		D8421CFC17BA853500C39DA0 /* Products */ = {
			isa = PBXGroup;
			children = (
				D8421CFB17BA853500C39DA0 /* SmartHouse.app */,
			);
			name = Products;
			sourceTree = "<group>";
		};
		D8421CFD17BA853500C39DA0 /* Frameworks */ = {
			isa = PBXGroup;
			children = (
				52336A0317C086D50094CE29 /* Security.framework */,
				52336A0117C086CC0094CE29 /* CFNetwork.framework */,
				D8421CFE17BA853500C39DA0 /* UIKit.framework */,
				D8421D0017BA853500C39DA0 /* Foundation.framework */,
				D8421D0217BA853500C39DA0 /* CoreGraphics.framework */,
			);
			name = Frameworks;
			sourceTree = "<group>";
		};
		D8421D0417BA853500C39DA0 /* SmartHouse */ = {
			isa = PBXGroup;
			children = (
				D8421D0D17BA853500C39DA0 /* AppDelegate.h */,
				D8421D0E17BA853500C39DA0 /* AppDelegate.m */,
				D8421D1617BA853500C39DA0 /* SHLoginViewController.h */,
				D8421D1717BA853500C39DA0 /* SHLoginViewController.m */,
				D8F056EB17BA8CE300DF2928 /* SHControlViewController.h */,
				D8F056EC17BA8CE300DF2928 /* SHControlViewController.m */,
				D8F056F817BAC95500DF2928 /* SHSettingsViewController.h */,
				D8F056F917BAC95500DF2928 /* SHSettingsViewController.m */,
				D816386E17BB0501008FAD0E /* SHReadConfigFile.h */,
				D816386F17BB0501008FAD0E /* SHReadConfigFile.m */,
				52E2297A17BBAA470086355A /* SHRoomModel.h */,
				52E2297B17BBAA470086355A /* SHRoomModel.m */,
				D8EEBD0B17BC7F8200200262 /* SHDetailContolView.h */,
				D8EEBD0C17BC7F8200200262 /* SHDetailContolView.m */,
				D8F5BEB017BDD10000D3500A /* SHMusicControlView.h */,
				D8F5BEB117BDD10000D3500A /* SHMusicControlView.m */,
				D8421D0517BA853500C39DA0 /* Supporting Files */,
			);
			path = SmartHouse;
			sourceTree = "<group>";
		};
		D8421D0517BA853500C39DA0 /* Supporting Files */ = {
			isa = PBXGroup;
			children = (
				D88260C0180D37390096C6CA /* icon1.png */,
				D88260C1180D37390096C6CA /* icon1@2x.png */,
				D81BD49417C5F18600D96702 /* Default-Landscape@2x~ipad.png */,
				D81BD49217C5F18000D96702 /* Default-Landscape~ipad.png */,
				D81BD49017C5F16D00D96702 /* icon@2x.png */,
				D81BD48E17C5F16800D96702 /* icon.png */,
				D8421D0617BA853500C39DA0 /* SmartHouse-Info.plist */,
				D8421D0717BA853500C39DA0 /* InfoPlist.strings */,
				D8421D0A17BA853500C39DA0 /* main.m */,
				D8421D0C17BA853500C39DA0 /* SmartHouse-Prefix.pch */,
			);
			name = "Supporting Files";
			sourceTree = "<group>";
		};
		D8F056E217BA8AAE00DF2928 /* Resources */ = {
			isa = PBXGroup;
			children = (
				D812FF1F17DB6213004087F9 /* login_bg_p.png */,
				D812FF2017DB6214004087F9 /* login_bg_p@2x.png */,
				D812FF0F17DB5FDF004087F9 /* btn_cancel_normal.png */,
				D812FF1017DB5FE1004087F9 /* btn_cancel_normal@2x.png */,
				D812FF1117DB5FE4004087F9 /* btn_cancel_pressed.png */,
				D812FF1217DB5FE7004087F9 /* btn_cancel_pressed@2x.png */,
				D812FF1317DB5FEA004087F9 /* btn_commit_normal.png */,
				D812FF1417DB5FEC004087F9 /* btn_commit_normal@2x.png */,
				D812FF1517DB5FEF004087F9 /* btn_commit_pressed.png */,
				D812FF1617DB5FF1004087F9 /* btn_commit_pressed@2x.png */,
				D812FF0B17DB5296004087F9 /* setup_box.png */,
				D812FF0C17DB5297004087F9 /* setup_box@2x.png */,
				D812FEFF17DB30CE004087F9 /* bg_detail_curtain_p.png */,
				D812FF0017DB30D0004087F9 /* bg_detail_curtain_p@2x.png */,
				D812FF0117DB30D2004087F9 /* bg_detail_light_p.png */,
				D812FF0217DB30D4004087F9 /* bg_detail_light_p@2x.png */,
				D812FF0317DB30D5004087F9 /* bg_detail_music_p.png */,
				D812FF0417DB30D8004087F9 /* bg_detail_music_p@2x.png */,
				D812FEF717DB1A30004087F9 /* bg_mode_l.png */,
				D812FEF817DB1A32004087F9 /* bg_mode_l@2x.png */,
				D812FEF917DB1A35004087F9 /* bg_mode_p.png */,
				D812FEFA17DB1A37004087F9 /* bg_mode_p@2x.png */,
				D812FEEF17DB0C73004087F9 /* btn_login_normal.png */,
				D812FEF017DB0C73004087F9 /* btn_login_normal@2x.png */,
				D812FEF117DB0C74004087F9 /* btn_login_pressed.png */,
				D812FEF217DB0C74004087F9 /* btn_login_pressed@2x.png */,
				D812FEE717DB04D9004087F9 /* input_box_focused.png */,
				D812FEE817DB04D9004087F9 /* input_box_focused@2x.png */,
				D812FEE917DB04D9004087F9 /* input_box.png */,
				D812FEEA17DB04D9004087F9 /* input_box@2x.png */,
				D812FEE317DAFE77004087F9 /* login_box.png */,
				D812FEE417DAFE77004087F9 /* login_box@2x.png */,
				D812FEDF17DAFDC8004087F9 /* login_bg.png */,
				D812FEE017DAFDC8004087F9 /* login_bg@2x.png */,
				52F8ED5117BFA4CF00002294 /* bg_detail_curtain_l.png */,
				52F8ED5217BFA4D000002294 /* bg_detail_curtain_l@2x.png */,
				52F8ED5317BFA4D000002294 /* bg_detail_light_l.png */,
				52F8ED5417BFA4D000002294 /* bg_detail_light_l@2x.png */,
				52F8ED5517BFA4D000002294 /* bg_detail_music_l.png */,
				52F8ED5617BFA4D000002294 /* bg_detail_music_l@2x.png */,
				52F8ED4517BF9CD800002294 /* light_3.png */,
				52F8ED4617BF9CD800002294 /* light_3@2x.png */,
				52F8ED4717BF9CD800002294 /* light_2.png */,
				52F8ED4817BF9CD900002294 /* light_2@2x.png */,
				52F8ED3D17BF92F900002294 /* btn_light_control.png */,
				52F8ED3E17BF92F900002294 /* btn_light_control@2x.png */,
				52F8ED3917BF91FC00002294 /* btn_music_control.png */,
				52F8ED3A17BF91FC00002294 /* btn_music_control@2x.png */,
				52F8ED2517BF888900002294 /* music_control0.png */,
				52F8ED2617BF888900002294 /* music_control0@2x.png */,
				52F8ED2717BF888900002294 /* music_control1.png */,
				52F8ED2817BF888900002294 /* music_control1@2x.png */,
				52F8ED2917BF888900002294 /* music_control2.png */,
				52F8ED2A17BF888900002294 /* music_control2@2x.png */,
				52F8ED2B17BF888900002294 /* music_control3.png */,
				52F8ED2C17BF888900002294 /* music_control3@2x.png */,
				52F8ED2D17BF888900002294 /* music_control4.png */,
				52F8ED2E17BF888900002294 /* music_control4@2x.png */,
				52F8ED2117BF833400002294 /* bg_music.png */,
				52F8ED2217BF833400002294 /* bg_music@2x.png */,
				52F8ECFF17BF82E300002294 /* bg_curtain@2x.png */,
				52F8ED0017BF82E300002294 /* bg_light@2x.png */,
				52F8ED0217BF82E300002294 /* btn_back@2x.png */,
				52F8ED0317BF82E300002294 /* btn_curtain@2x.png */,
				52F8ED0417BF82E300002294 /* btn_light@2x.png */,
				52F8ED0517BF82E300002294 /* btn_music@2x.png */,
				52F8ED0617BF82E400002294 /* btn_setting@2x.png */,
				52F8ED0717BF82E400002294 /* left_background@2x.png */,
				52F8ED0817BF82E400002294 /* left_normal@2x.png */,
				52F8ED0917BF82E400002294 /* left_selected@2x.png */,
				52F8ED0A17BF82E400002294 /* mode_normal@2x.png */,
				52F8ED0B17BF82E400002294 /* mode_selected@2x.png */,
				52F8ED0C17BF82E400002294 /* selected@2x.png */,
				52F8ED0D17BF82E400002294 /* turn_left@2x.png */,
				52F8ED0E17BF82E400002294 /* turn_right@2x.png */,
				52F8ED0F17BF82E400002294 /* unselected.png */,
				52F8ECF717BF7E0900002294 /* bg_curtain.png */,
				52F8ECF817BF7E0900002294 /* bg_light.png */,
				52F8ECF917BF7E0900002294 /* btn_back.png */,
				52F8ECFA17BF7E0900002294 /* btn_setting.png */,
				52F8ECF317BF719800002294 /* mode_normal.png */,
				52F8ECF417BF719800002294 /* mode_selected.png */,
				52F8ECF117BF70FF00002294 /* bg_topbar_all@2x.png */,
				52F8ECED17BF6F2E00002294 /* turn_left.png */,
				52F8ECEE17BF6F2E00002294 /* turn_right.png */,
				52F8ECEB17BF6EB900002294 /* bg_topbar_all.png */,
				52F8ECE717BF6CC700002294 /* left_background.png */,
				52F8ECE317BF648300002294 /* left_normal.png */,
				52F8ECE417BF648300002294 /* left_selected.png */,
				52F8ECDD17BF636D00002294 /* btn_music.png */,
				52F8ECDE17BF636D00002294 /* btn_curtain.png */,
				52F8ECDF17BF636D00002294 /* btn_light.png */,
				528B7F8917BE778E0021447D /* unselected@2x.png */,
				528B7F8A17BE778E0021447D /* selected.png */,
			);
			name = Resources;
			path = SmartHouse/Resources;
			sourceTree = "<group>";
		};
		D8F056E317BA8AD000DF2928 /* Vendors */ = {
			isa = PBXGroup;
			children = (
				5214CB7517C068C000BDCEBC /* TCP */,
			);
			name = Vendors;
			path = SmartHouse/Vendors;
			sourceTree = "<group>";
		};
/* End PBXGroup section */

/* Begin PBXNativeTarget section */
		D8421CFA17BA853500C39DA0 /* SmartHouse */ = {
			isa = PBXNativeTarget;
			buildConfigurationList = D8421D1E17BA853500C39DA0 /* Build configuration list for PBXNativeTarget "SmartHouse" */;
			buildPhases = (
				D8421CF717BA853500C39DA0 /* Sources */,
				D8421CF817BA853500C39DA0 /* Frameworks */,
				D8421CF917BA853500C39DA0 /* Resources */,
			);
			buildRules = (
			);
			dependencies = (
			);
			name = SmartHouse;
			productName = SmartHouse;
			productReference = D8421CFB17BA853500C39DA0 /* SmartHouse.app */;
			productType = "com.apple.product-type.application";
		};
/* End PBXNativeTarget section */

/* Begin PBXProject section */
		D8421CF317BA853500C39DA0 /* Project object */ = {
			isa = PBXProject;
			attributes = {
				LastUpgradeCheck = 0460;
				ORGANIZATIONNAME = Roc;
			};
			buildConfigurationList = D8421CF617BA853500C39DA0 /* Build configuration list for PBXProject "SmartHouse" */;
			compatibilityVersion = "Xcode 3.2";
			developmentRegion = English;
			hasScannedForEncodings = 0;
			knownRegions = (
				en,
			);
			mainGroup = D8421CF217BA853500C39DA0;
			productRefGroup = D8421CFC17BA853500C39DA0 /* Products */;
			projectDirPath = "";
			projectRoot = "";
			targets = (
				D8421CFA17BA853500C39DA0 /* SmartHouse */,
			);
		};
/* End PBXProject section */

/* Begin PBXResourcesBuildPhase section */
		D8421CF917BA853500C39DA0 /* Resources */ = {
			isa = PBXResourcesBuildPhase;
			buildActionMask = 2147483647;
			files = (
				D8421D0917BA853500C39DA0 /* InfoPlist.strings in Resources */,
				528B7F8B17BE778E0021447D /* unselected@2x.png in Resources */,
				528B7F8C17BE778E0021447D /* selected.png in Resources */,
				52F8ECE017BF636D00002294 /* btn_music.png in Resources */,
				52F8ECE117BF636D00002294 /* btn_curtain.png in Resources */,
				52F8ECE217BF636D00002294 /* btn_light.png in Resources */,
				52F8ECE517BF648300002294 /* left_normal.png in Resources */,
				52F8ECE617BF648300002294 /* left_selected.png in Resources */,
				52F8ECE817BF6CC700002294 /* left_background.png in Resources */,
				52F8ECEC17BF6EB900002294 /* bg_topbar_all.png in Resources */,
				52F8ECEF17BF6F2E00002294 /* turn_left.png in Resources */,
				52F8ECF017BF6F2E00002294 /* turn_right.png in Resources */,
				52F8ECF217BF70FF00002294 /* bg_topbar_all@2x.png in Resources */,
				52F8ECF517BF719800002294 /* mode_normal.png in Resources */,
				52F8ECF617BF719800002294 /* mode_selected.png in Resources */,
				52F8ECFB17BF7E0900002294 /* bg_curtain.png in Resources */,
				52F8ECFC17BF7E0900002294 /* bg_light.png in Resources */,
				52F8ECFD17BF7E0900002294 /* btn_back.png in Resources */,
				52F8ECFE17BF7E0900002294 /* btn_setting.png in Resources */,
				52F8ED1017BF82E400002294 /* bg_curtain@2x.png in Resources */,
				D88260C3180D37390096C6CA /* icon1@2x.png in Resources */,
				52F8ED1117BF82E400002294 /* bg_light@2x.png in Resources */,
				52F8ED1317BF82E400002294 /* btn_back@2x.png in Resources */,
				52F8ED1417BF82E400002294 /* btn_curtain@2x.png in Resources */,
				52F8ED1517BF82E400002294 /* btn_light@2x.png in Resources */,
				52F8ED1617BF82E400002294 /* btn_music@2x.png in Resources */,
				52F8ED1717BF82E400002294 /* btn_setting@2x.png in Resources */,
				52F8ED1817BF82E400002294 /* left_background@2x.png in Resources */,
				52F8ED1917BF82E400002294 /* left_normal@2x.png in Resources */,
				52F8ED1A17BF82E400002294 /* left_selected@2x.png in Resources */,
				52F8ED1B17BF82E400002294 /* mode_normal@2x.png in Resources */,
				52F8ED1C17BF82E400002294 /* mode_selected@2x.png in Resources */,
				52F8ED1D17BF82E400002294 /* selected@2x.png in Resources */,
				52F8ED1E17BF82E400002294 /* turn_left@2x.png in Resources */,
				52F8ED1F17BF82E400002294 /* turn_right@2x.png in Resources */,
				52F8ED2017BF82E400002294 /* unselected.png in Resources */,
				52F8ED2317BF833400002294 /* bg_music.png in Resources */,
				52F8ED2417BF833400002294 /* bg_music@2x.png in Resources */,
				52F8ED2F17BF888900002294 /* music_control0.png in Resources */,
				D88260C2180D37390096C6CA /* icon1.png in Resources */,
				52F8ED3017BF888900002294 /* music_control0@2x.png in Resources */,
				52F8ED3117BF888900002294 /* music_control1.png in Resources */,
				52F8ED3217BF888900002294 /* music_control1@2x.png in Resources */,
				52F8ED3317BF888900002294 /* music_control2.png in Resources */,
				52F8ED3417BF888900002294 /* music_control2@2x.png in Resources */,
				52F8ED3517BF888900002294 /* music_control3.png in Resources */,
				52F8ED3617BF888900002294 /* music_control3@2x.png in Resources */,
				52F8ED3717BF888900002294 /* music_control4.png in Resources */,
				52F8ED3817BF888900002294 /* music_control4@2x.png in Resources */,
				52F8ED3B17BF91FC00002294 /* btn_music_control.png in Resources */,
				52F8ED3C17BF91FC00002294 /* btn_music_control@2x.png in Resources */,
				52F8ED3F17BF92F900002294 /* btn_light_control.png in Resources */,
				52F8ED4017BF92F900002294 /* btn_light_control@2x.png in Resources */,
				52F8ED4D17BF9CD900002294 /* light_3.png in Resources */,
				52F8ED4E17BF9CD900002294 /* light_3@2x.png in Resources */,
				52F8ED4F17BF9CD900002294 /* light_2.png in Resources */,
				52F8ED5017BF9CD900002294 /* light_2@2x.png in Resources */,
				52F8ED5717BFA4D100002294 /* bg_detail_curtain_l.png in Resources */,
				52F8ED5817BFA4D100002294 /* bg_detail_curtain_l@2x.png in Resources */,
				52F8ED5917BFA4D100002294 /* bg_detail_light_l.png in Resources */,
				52F8ED5A17BFA4D100002294 /* bg_detail_light_l@2x.png in Resources */,
				52F8ED5B17BFA4D100002294 /* bg_detail_music_l.png in Resources */,
				52F8ED5C17BFA4D100002294 /* bg_detail_music_l@2x.png in Resources */,
				D81BD48F17C5F16800D96702 /* icon.png in Resources */,
				D81BD49117C5F16D00D96702 /* icon@2x.png in Resources */,
				D81BD49317C5F18000D96702 /* Default-Landscape~ipad.png in Resources */,
				D81BD49517C5F18600D96702 /* Default-Landscape@2x~ipad.png in Resources */,
				D812FEE117DAFDC8004087F9 /* login_bg.png in Resources */,
				D812FEE217DAFDC8004087F9 /* login_bg@2x.png in Resources */,
				D812FEE517DAFE77004087F9 /* login_box.png in Resources */,
				D812FEE617DAFE77004087F9 /* login_box@2x.png in Resources */,
				D812FEEB17DB04D9004087F9 /* input_box_focused.png in Resources */,
				D812FEEC17DB04D9004087F9 /* input_box_focused@2x.png in Resources */,
				D812FEED17DB04D9004087F9 /* input_box.png in Resources */,
				D812FEEE17DB04D9004087F9 /* input_box@2x.png in Resources */,
				D812FEF317DB0C74004087F9 /* btn_login_normal.png in Resources */,
				D812FEF417DB0C74004087F9 /* btn_login_normal@2x.png in Resources */,
				D812FEF517DB0C74004087F9 /* btn_login_pressed.png in Resources */,
				D812FEF617DB0C74004087F9 /* btn_login_pressed@2x.png in Resources */,
				D812FEFB17DB1A3A004087F9 /* bg_mode_l.png in Resources */,
				D812FEFC17DB1A3A004087F9 /* bg_mode_l@2x.png in Resources */,
				D812FEFD17DB1A3A004087F9 /* bg_mode_p.png in Resources */,
				D812FEFE17DB1A3A004087F9 /* bg_mode_p@2x.png in Resources */,
				D812FF0517DB30DA004087F9 /* bg_detail_curtain_p.png in Resources */,
				D812FF0617DB30DA004087F9 /* bg_detail_curtain_p@2x.png in Resources */,
				D812FF0717DB30DA004087F9 /* bg_detail_light_p.png in Resources */,
				D812FF0817DB30DA004087F9 /* bg_detail_light_p@2x.png in Resources */,
				D812FF0917DB30DA004087F9 /* bg_detail_music_p.png in Resources */,
				D812FF0A17DB30DA004087F9 /* bg_detail_music_p@2x.png in Resources */,
				D812FF0D17DB5299004087F9 /* setup_box.png in Resources */,
				D812FF0E17DB5299004087F9 /* setup_box@2x.png in Resources */,
				D812FF1717DB5FF5004087F9 /* btn_cancel_normal.png in Resources */,
				D812FF1817DB5FF5004087F9 /* btn_cancel_normal@2x.png in Resources */,
				D812FF1917DB5FF5004087F9 /* btn_cancel_pressed.png in Resources */,
				D812FF1A17DB5FF5004087F9 /* btn_cancel_pressed@2x.png in Resources */,
				D812FF1B17DB5FF5004087F9 /* btn_commit_normal.png in Resources */,
				D812FF1C17DB5FF5004087F9 /* btn_commit_normal@2x.png in Resources */,
				D812FF1D17DB5FF5004087F9 /* btn_commit_pressed.png in Resources */,
				D812FF1E17DB5FF5004087F9 /* btn_commit_pressed@2x.png in Resources */,
				D812FF2117DB6217004087F9 /* login_bg_p.png in Resources */,
				D812FF2217DB6217004087F9 /* login_bg_p@2x.png in Resources */,
			);
			runOnlyForDeploymentPostprocessing = 0;
		};
/* End PBXResourcesBuildPhase section */

/* Begin PBXSourcesBuildPhase section */
		D8421CF717BA853500C39DA0 /* Sources */ = {
			isa = PBXSourcesBuildPhase;
			buildActionMask = 2147483647;
			files = (
				D8421D0B17BA853500C39DA0 /* main.m in Sources */,
				D8421D0F17BA853500C39DA0 /* AppDelegate.m in Sources */,
				D8421D1817BA853500C39DA0 /* SHLoginViewController.m in Sources */,
				D8F056EE17BA8CE300DF2928 /* SHControlViewController.m in Sources */,
				D8F056FB17BAC95600DF2928 /* SHSettingsViewController.m in Sources */,
				D816387017BB0501008FAD0E /* SHReadConfigFile.m in Sources */,
				52E2297C17BBAA470086355A /* SHRoomModel.m in Sources */,
				D8EEBD0D17BC7F8200200262 /* SHDetailContolView.m in Sources */,
				D8F5BEB217BDD10000D3500A /* SHMusicControlView.m in Sources */,
				5214CB7817C068F500BDCEBC /* GCDAsyncSocket.m in Sources */,
			);
			runOnlyForDeploymentPostprocessing = 0;
		};
/* End PBXSourcesBuildPhase section */

/* Begin PBXVariantGroup section */
		D8421D0717BA853500C39DA0 /* InfoPlist.strings */ = {
			isa = PBXVariantGroup;
			children = (
				D8421D0817BA853500C39DA0 /* en */,
			);
			name = InfoPlist.strings;
			sourceTree = "<group>";
		};
/* End PBXVariantGroup section */

/* Begin XCBuildConfiguration section */
		D8421D1C17BA853500C39DA0 /* Debug */ = {
			isa = XCBuildConfiguration;
			buildSettings = {
				ALWAYS_SEARCH_USER_PATHS = NO;
				CLANG_CXX_LANGUAGE_STANDARD = "gnu++0x";
				CLANG_CXX_LIBRARY = "libc++";
				CLANG_ENABLE_OBJC_ARC = YES;
				CLANG_WARN_CONSTANT_CONVERSION = YES;
				CLANG_WARN_EMPTY_BODY = YES;
				CLANG_WARN_ENUM_CONVERSION = YES;
				CLANG_WARN_INT_CONVERSION = YES;
				CLANG_WARN__DUPLICATE_METHOD_MATCH = YES;
				"CODE_SIGN_IDENTITY[sdk=iphoneos*]" = "iPhone Developer";
				COPY_PHASE_STRIP = NO;
				GCC_C_LANGUAGE_STANDARD = gnu99;
				GCC_DYNAMIC_NO_PIC = NO;
				GCC_OPTIMIZATION_LEVEL = 0;
				GCC_PREPROCESSOR_DEFINITIONS = (
					"DEBUG=1",
					"$(inherited)",
				);
				GCC_SYMBOLS_PRIVATE_EXTERN = NO;
				GCC_WARN_ABOUT_RETURN_TYPE = YES;
				GCC_WARN_UNINITIALIZED_AUTOS = YES;
				GCC_WARN_UNUSED_VARIABLE = YES;
				IPHONEOS_DEPLOYMENT_TARGET = 6.1;
				ONLY_ACTIVE_ARCH = YES;
				SDKROOT = iphoneos;
				TARGETED_DEVICE_FAMILY = 2;
			};
			name = Debug;
		};
		D8421D1D17BA853500C39DA0 /* Release */ = {
			isa = XCBuildConfiguration;
			buildSettings = {
				ALWAYS_SEARCH_USER_PATHS = NO;
				CLANG_CXX_LANGUAGE_STANDARD = "gnu++0x";
				CLANG_CXX_LIBRARY = "libc++";
				CLANG_ENABLE_OBJC_ARC = YES;
				CLANG_WARN_CONSTANT_CONVERSION = YES;
				CLANG_WARN_EMPTY_BODY = YES;
				CLANG_WARN_ENUM_CONVERSION = YES;
				CLANG_WARN_INT_CONVERSION = YES;
				CLANG_WARN__DUPLICATE_METHOD_MATCH = YES;
				"CODE_SIGN_IDENTITY[sdk=iphoneos*]" = "iPhone Developer";
				COPY_PHASE_STRIP = YES;
				GCC_C_LANGUAGE_STANDARD = gnu99;
				GCC_WARN_ABOUT_RETURN_TYPE = YES;
				GCC_WARN_UNINITIALIZED_AUTOS = YES;
				GCC_WARN_UNUSED_VARIABLE = YES;
				IPHONEOS_DEPLOYMENT_TARGET = 6.1;
				OTHER_CFLAGS = "-DNS_BLOCK_ASSERTIONS=1";
				SDKROOT = iphoneos;
				TARGETED_DEVICE_FAMILY = 2;
				VALIDATE_PRODUCT = YES;
			};
			name = Release;
		};
		D8421D1F17BA853500C39DA0 /* Debug */ = {
			isa = XCBuildConfiguration;
			buildSettings = {
				CODE_SIGN_IDENTITY = "iPhone Developer: 鹏翔 崔 (GVQA7B9MVH)";
				GCC_PRECOMPILE_PREFIX_HEADER = YES;
				GCC_PREFIX_HEADER = "SmartHouse/SmartHouse-Prefix.pch";
				INFOPLIST_FILE = "SmartHouse/SmartHouse-Info.plist";
				IPHONEOS_DEPLOYMENT_TARGET = 5.0;
				PRODUCT_NAME = "$(TARGET_NAME)";
				PROVISIONING_PROFILE = "5AB527AA-E54B-49B1-89B8-1176EFAA4E51";
				TARGETED_DEVICE_FAMILY = 2;
				WRAPPER_EXTENSION = app;
			};
			name = Debug;
		};
		D8421D2017BA853500C39DA0 /* Release */ = {
			isa = XCBuildConfiguration;
			buildSettings = {
				CODE_SIGN_IDENTITY = "iPhone Developer: 鹏翔 崔 (GVQA7B9MVH)";
				GCC_PRECOMPILE_PREFIX_HEADER = YES;
				GCC_PREFIX_HEADER = "SmartHouse/SmartHouse-Prefix.pch";
				INFOPLIST_FILE = "SmartHouse/SmartHouse-Info.plist";
				IPHONEOS_DEPLOYMENT_TARGET = 5.0;
				PRODUCT_NAME = "$(TARGET_NAME)";
				PROVISIONING_PROFILE = "5AB527AA-E54B-49B1-89B8-1176EFAA4E51";
				TARGETED_DEVICE_FAMILY = 2;
				WRAPPER_EXTENSION = app;
			};
			name = Release;
		};
/* End XCBuildConfiguration section */

/* Begin XCConfigurationList section */
		D8421CF617BA853500C39DA0 /* Build configuration list for PBXProject "SmartHouse" */ = {
			isa = XCConfigurationList;
			buildConfigurations = (
				D8421D1C17BA853500C39DA0 /* Debug */,
				D8421D1D17BA853500C39DA0 /* Release */,
			);
			defaultConfigurationIsVisible = 0;
			defaultConfigurationName = Release;
		};
		D8421D1E17BA853500C39DA0 /* Build configuration list for PBXNativeTarget "SmartHouse" */ = {
			isa = XCConfigurationList;
			buildConfigurations = (
				D8421D1F17BA853500C39DA0 /* Debug */,
				D8421D2017BA853500C39DA0 /* Release */,
			);
			defaultConfigurationIsVisible = 0;
			defaultConfigurationName = Release;
		};
/* End XCConfigurationList section */
	};
	rootObject = D8421CF317BA853500C39DA0 /* Project object */;
}
